<?xml version="1.0" encoding="utf-8"?>
<Project ToolsVersion="4.0" xmlns="http://schemas.microsoft.com/developer/msbuild/2003">
  <ItemGroup>
    <CustomBuild Include="WIE_Ntdll_CRT_x64.def" />
    <CustomBuild Include="WIE_Ntdll_Hash.def" />
    <CustomBuild Include="WIE_SecHost.def" />
    <CustomBuild Include="WIE_Ntdll_CRT_x86.def" />
    <CustomBuild Include="WIE_Ntdll_CRT.def" />
    <CustomBuild Include="WIE_Kernel32_x64.def" />
    <CustomBuild Include="WIE_Kernel32_x86.def" />
  </ItemGroup>
</Project>