<?xml version="1.0" encoding="utf-8"?>
<Project ToolsVersion="4.0" xmlns="http://schemas.microsoft.com/developer/msbuild/2003">
  <ItemGroup>
    <Filter Include="Source Files">
      <UniqueIdentifier>{4FC737F1-C7A5-4376-A066-2A32D752A2FF}</UniqueIdentifier>
      <Extensions>cpp;c;cc;cxx;c++;cppm;ixx;def;odl;idl;hpj;bat;asm;asmx</Extensions>
    </Filter>
    <Filter Include="Header Files">
      <UniqueIdentifier>{93995380-89BD-4b04-88EB-625FBE52EBFB}</UniqueIdentifier>
      <Extensions>h;hh;hpp;hxx;h++;hm;inl;inc;ipp;xsd</Extensions>
    </Filter>
    <Filter Include="Resource Files">
      <UniqueIdentifier>{67DA6AB6-F800-4c08-8B7A-83BB121AAD01}</UniqueIdentifier>
      <Extensions>rc;ico;cur;bmp;dlg;rc2;rct;bin;rgs;gif;jpg;jpeg;jpe;resx;tiff;tif;png;wav;mfcribbon-ms</Extensions>
    </Filter>
  </ItemGroup>
  <ItemGroup>
    <ClCompile Include="NTABitmap.c">
      <Filter>Source Files</Filter>
    </ClCompile>
    <ClCompile Include="NTACon.c">
      <Filter>Source Files</Filter>
    </ClCompile>
    <ClCompile Include="NTACtl.c">
      <Filter>Source Files</Filter>
    </ClCompile>
    <ClCompile Include="NTADlg.c">
      <Filter>Source Files</Filter>
    </ClCompile>
    <ClCompile Include="NTAFile.c">
      <Filter>Source Files</Filter>
    </ClCompile>
    <ClCompile Include="NTAGDI.c">
      <Filter>Source Files</Filter>
    </ClCompile>
    <ClCompile Include="NTAI18N.c">
      <Filter>Source Files</Filter>
    </ClCompile>
    <ClCompile Include="NTAImage.c">
      <Filter>Source Files</Filter>
    </ClCompile>
    <ClCompile Include="NTAIO.c">
      <Filter>Source Files</Filter>
    </ClCompile>
    <ClCompile Include="NTAKNS.c">
      <Filter>Source Files</Filter>
    </ClCompile>
    <ClCompile Include="NTAList.c">
      <Filter>Source Files</Filter>
    </ClCompile>
    <ClCompile Include="NTAMath.c">
      <Filter>Source Files</Filter>
    </ClCompile>
    <ClCompile Include="NTAMem.c">
      <Filter>Source Files</Filter>
    </ClCompile>
    <ClCompile Include="NTANT.c">
      <Filter>Source Files</Filter>
    </ClCompile>
    <ClCompile Include="NTAPE.c">
      <Filter>Source Files</Filter>
    </ClCompile>
    <ClCompile Include="NTAProc.c">
      <Filter>Source Files</Filter>
    </ClCompile>
    <ClCompile Include="NTARProc.c">
      <Filter>Source Files</Filter>
    </ClCompile>
    <ClCompile Include="NTAStr.c">
      <Filter>Source Files</Filter>
    </ClCompile>
    <ClCompile Include="NTATime.c">
      <Filter>Source Files</Filter>
    </ClCompile>
    <ClCompile Include="NTAUI.c">
      <Filter>Source Files</Filter>
    </ClCompile>
    <ClCompile Include="NTASys.c">
      <Filter>Source Files</Filter>
    </ClCompile>
    <ClCompile Include="NTAHijack.c">
      <Filter>Source Files</Filter>
    </ClCompile>
    <ClCompile Include="NTA_NAC_Output.c">
      <Filter>Source Files</Filter>
    </ClCompile>
    <ClCompile Include="NTADlg_ValueEditor.c">
      <Filter>Source Files</Filter>
    </ClCompile>
    <ClCompile Include="NTAData.c">
      <Filter>Source Files</Filter>
    </ClCompile>
    <ClCompile Include="NTADlg_RectEditor.c">
      <Filter>Source Files</Filter>
    </ClCompile>
    <ClCompile Include="NTADPI.c">
      <Filter>Source Files</Filter>
    </ClCompile>
    <ClCompile Include="NTACtl_ColorPicker.c">
      <Filter>Source Files</Filter>
    </ClCompile>
  </ItemGroup>
  <ItemGroup>
    <ClInclude Include="include\NTAssassin\NTACon.h">
      <Filter>Header Files</Filter>
    </ClInclude>
    <ClInclude Include="include\NTAssassin\NTACtl.h">
      <Filter>Header Files</Filter>
    </ClInclude>
    <ClInclude Include="include\NTAssassin\NTACtl_ColorPicker.h">
      <Filter>Header Files</Filter>
    </ClInclude>
    <ClInclude Include="include\NTAssassin\NTAData.h">
      <Filter>Header Files</Filter>
    </ClInclude>
    <ClInclude Include="include\NTAssassin\NTADbg.h">
      <Filter>Header Files</Filter>
    </ClInclude>
    <ClInclude Include="include\NTAssassin\NTADlg.h">
      <Filter>Header Files</Filter>
    </ClInclude>
    <ClInclude Include="include\NTAssassin\NTADlg_RectEditor.h">
      <Filter>Header Files</Filter>
    </ClInclude>
    <ClInclude Include="include\NTAssassin\NTADlg_ValueEditor.h">
      <Filter>Header Files</Filter>
    </ClInclude>
    <ClInclude Include="include\NTAssassin\NTADPI.h">
      <Filter>Header Files</Filter>
    </ClInclude>
    <ClInclude Include="include\NTAssassin\NTAFile.h">
      <Filter>Header Files</Filter>
    </ClInclude>
    <ClInclude Include="include\NTAssassin\NTAGDI.h">
      <Filter>Header Files</Filter>
    </ClInclude>
    <ClInclude Include="include\NTAssassin\NTAHijack.h">
      <Filter>Header Files</Filter>
    </ClInclude>
    <ClInclude Include="include\NTAssassin\NTAI18N.h">
      <Filter>Header Files</Filter>
    </ClInclude>
    <ClInclude Include="include\NTAssassin\NTAImage.h">
      <Filter>Header Files</Filter>
    </ClInclude>
    <ClInclude Include="include\NTAssassin\NTAIO.h">
      <Filter>Header Files</Filter>
    </ClInclude>
    <ClInclude Include="include\NTAssassin\NTAKNS.h">
      <Filter>Header Files</Filter>
    </ClInclude>
    <ClInclude Include="include\NTAssassin\NTAList.h">
      <Filter>Header Files</Filter>
    </ClInclude>
    <ClInclude Include="include\NTAssassin\NTAMath.h">
      <Filter>Header Files</Filter>
    </ClInclude>
    <ClInclude Include="include\NTAssassin\NTAMem.h">
      <Filter>Header Files</Filter>
    </ClInclude>
    <ClInclude Include="include\NTAssassin\NTANT.h">
      <Filter>Header Files</Filter>
    </ClInclude>
    <ClInclude Include="include\NTAssassin\NTAPE.h">
      <Filter>Header Files</Filter>
    </ClInclude>
    <ClInclude Include="include\NTAssassin\NTAPI.h">
      <Filter>Header Files</Filter>
    </ClInclude>
    <ClInclude Include="include\NTAssassin\NTAProc.h">
      <Filter>Header Files</Filter>
    </ClInclude>
    <ClInclude Include="include\NTAssassin\NTARProc.h">
      <Filter>Header Files</Filter>
    </ClInclude>
    <ClInclude Include="include\NTAssassin\NTAssassin.h">
      <Filter>Header Files</Filter>
    </ClInclude>
    <ClInclude Include="include\NTAssassin\NTAStr.h">
      <Filter>Header Files</Filter>
    </ClInclude>
    <ClInclude Include="include\NTAssassin\NTASys.h">
      <Filter>Header Files</Filter>
    </ClInclude>
    <ClInclude Include="include\NTAssassin\NTATime.h">
      <Filter>Header Files</Filter>
    </ClInclude>
    <ClInclude Include="include\NTAssassin\NTAUI.h">
      <Filter>Header Files</Filter>
    </ClInclude>
    <ClInclude Include="include\NTAssassin\NTConst.h">
      <Filter>Header Files</Filter>
    </ClInclude>
    <ClInclude Include="include\NTAssassin\NTStruct.h">
      <Filter>Header Files</Filter>
    </ClInclude>
    <ClInclude Include="include\NTAssassin\NTTypes.h">
      <Filter>Header Files</Filter>
    </ClInclude>
  </ItemGroup>
</Project>