<?xml version="1.0" encoding="utf-8"?>
<Project ToolsVersion="4.0" xmlns="http://schemas.microsoft.com/developer/msbuild/2003">
  <ItemGroup>
    <Filter Include="NTDef">
      <UniqueIdentifier>{3cece7a0-828d-4d20-90b2-daa1fd49a902}</UniqueIdentifier>
    </Filter>
    <Filter Include="NTABase">
      <UniqueIdentifier>{30a7e2f4-4210-4b4d-9ea8-366632e0423e}</UniqueIdentifier>
    </Filter>
  </ItemGroup>
  <ItemGroup>
    <ClCompile Include="Precomp4C.Output.c" />
    <ClCompile Include="NTACon.c" />
    <ClCompile Include="NTACtl.c" />
    <ClCompile Include="NTACtl_ColorPicker.c" />
    <ClCompile Include="NTADPI.c" />
    <ClCompile Include="NTAEH.c" />
    <ClCompile Include="NTAFile.c" />
    <ClCompile Include="NTAGDI.c" />
    <ClCompile Include="NTAGDIP.cpp" />
    <ClCompile Include="NTAHijack.c" />
    <ClCompile Include="NTAHook.cpp" />
    <ClCompile Include="NTAI18N.c" />
    <ClCompile Include="NTAIO.c" />
    <ClCompile Include="NTAKNS.c" />
    <ClCompile Include="NTAMath.c" />
    <ClCompile Include="NTAMem.c" />
    <ClCompile Include="NTAPE.c" />
    <ClCompile Include="NTAProc.c" />
    <ClCompile Include="NTARProc.c" />
    <ClCompile Include="NTAShell.c" />
    <ClCompile Include="NTAStr.c" />
    <ClCompile Include="NTASys.c" />
    <ClCompile Include="NTATime.c" />
    <ClCompile Include="NTAUI.c" />
    <ClCompile Include="NTAWS.c" />
    <ClCompile Include="NTANT_Object.c" />
    <ClCompile Include="NTADlg.c" />
    <ClCompile Include="NTADlg_RectEditor.c" />
    <ClCompile Include="NTADlg_ValueEditor.c" />
    <ClCompile Include="NTAData.c" />
    <ClCompile Include="NTAData_List.c" />
    <ClCompile Include="NTANT.c" />
    <ClCompile Include="NTANT_Reg.c" />
    <ClCompile Include="NTANT_Sec.c" />
  </ItemGroup>
  <ItemGroup>
    <ClInclude Include="include\NTAssassin\NTAPI.h">
      <Filter>NTDef</Filter>
    </ClInclude>
    <ClInclude Include="include\NTAssassin\NTTypes.h">
      <Filter>NTDef</Filter>
    </ClInclude>
    <ClInclude Include="include\NTAssassin\NTStruct.h">
      <Filter>NTDef</Filter>
    </ClInclude>
    <ClInclude Include="include\NTAssassin\NTConst.h">
      <Filter>NTDef</Filter>
    </ClInclude>
    <ClInclude Include="include\NTAssassin\NTAConst.h">
      <Filter>NTABase</Filter>
    </ClInclude>
    <ClInclude Include="include\NTAssassin\NTADef.h">
      <Filter>NTABase</Filter>
    </ClInclude>
    <ClInclude Include="include\NTAssassin\NTAOptions.h">
      <Filter>NTABase</Filter>
    </ClInclude>
    <ClInclude Include="include\NTAssassin\NTAMacro.h">
      <Filter>NTABase</Filter>
    </ClInclude>
    <ClInclude Include="include\NTAssassin\NT_MSTSTS.h">
      <Filter>NTDef</Filter>
    </ClInclude>
    <ClInclude Include="include\NTAssassin\NT_NTDDK.h">
      <Filter>NTDef</Filter>
    </ClInclude>
    <ClInclude Include="include\NTAssassin\NT_R3Shared.h">
      <Filter>NTDef</Filter>
    </ClInclude>
    <ClInclude Include="include\NTAssassin\NTATypes.h">
      <Filter>NTABase</Filter>
    </ClInclude>
    <ClInclude Include="include\NTAssassin\NTACon.h" />
    <ClInclude Include="include\NTAssassin\NTACtl.h" />
    <ClInclude Include="include\NTAssassin\NTACtl_ColorPicker.h" />
    <ClInclude Include="include\NTAssassin\NTADbg.h" />
    <ClInclude Include="include\NTAssassin\NTADPI.h" />
    <ClInclude Include="include\NTAssassin\NTAEH.h" />
    <ClInclude Include="include\NTAssassin\NTAFile.h" />
    <ClInclude Include="include\NTAssassin\NTAGDI.h" />
    <ClInclude Include="include\NTAssassin\NTAGDIP.h" />
    <ClInclude Include="include\NTAssassin\NTAHijack.h" />
    <ClInclude Include="include\NTAssassin\NTAHook.h" />
    <ClInclude Include="include\NTAssassin\NTAI18N.h" />
    <ClInclude Include="include\NTAssassin\NTAIO.h" />
    <ClInclude Include="include\NTAssassin\NTAKNS.h" />
    <ClInclude Include="include\NTAssassin\NTAData_List.h" />
    <ClInclude Include="include\NTAssassin\NTAMath.h" />
    <ClInclude Include="include\NTAssassin\NTAMem.h" />
    <ClInclude Include="include\NTAssassin\NTAOpCode.h" />
    <ClInclude Include="include\NTAssassin\NTAPE.h" />
    <ClInclude Include="include\NTAssassin\NTAProc.h" />
    <ClInclude Include="include\NTAssassin\NTARProc.h" />
    <ClInclude Include="include\NTAssassin\NTAShell.h" />
    <ClInclude Include="include\NTAssassin\NTAssassin.h" />
    <ClInclude Include="include\NTAssassin\NTAStr.h" />
    <ClInclude Include="include\NTAssassin\NTASys.h" />
    <ClInclude Include="include\NTAssassin\NTATime.h" />
    <ClInclude Include="include\NTAssassin\NTAUI.h" />
    <ClInclude Include="include\NTAssassin\NTAWS.h" />
    <ClInclude Include="Precomp4C.Output.h" />
    <ClInclude Include="include\NTAssassin\NTADlg.h" />
    <ClInclude Include="include\NTAssassin\NTAData.h" />
    <ClInclude Include="include\NTAssassin\NTANT.h" />
    <ClInclude Include="resource.h" />
    <ClInclude Include="include\NTAssassin\NTANT_Object.h" />
  </ItemGroup>
  <ItemGroup>
    <None Include=".editorconfig" />
  </ItemGroup>
  <ItemGroup>
    <ResourceCompile Include="NTAssassin.rc" />
  </ItemGroup>
</Project>