
Microsoft Visual Studio Solution File, Format Version 12.00
# Visual Studio Version 17
VisualStudioVersion = 17.0.32112.339
MinimumVisualStudioVersion = 10.0.40219.1
Project("{2150E333-8FDC-42A3-9474-1A3956D46DE8}") = "Wintexports", "Wintexports", "{773E59A5-549E-45CD-9DA9-F4C4F66DA592}"
EndProject
Project("{8BC9CEB8-8B4A-11D0-8D11-00A0C91BC942}") = "WIE_DllStubs", "Wintexports\WIE_DllStubs\WIE_DllStubs.vcxproj", "{85E8764B-3033-4F76-B3F9-1048062AB428}"
EndProject
Project("{8BC9CEB8-8B4A-11D0-8D11-00A0C91BC942}") = "WIE_Example", "Wintexports\WIE_Example\WIE_Example.vcxproj", "{C092B657-E8E9-40BF-8B87-D574959994EE}"
	ProjectSection(ProjectDependencies) = postProject
		{85E8764B-3033-4F76-B3F9-1048062AB428} = {85E8764B-3033-4F76-B3F9-1048062AB428}
		{D81D0FA8-63A5-446D-A7B8-D540F11F60D9} = {D81D0FA8-63A5-446D-A7B8-D540F11F60D9}
		{D9EB5A4D-5F7E-4DE1-A2B8-B2B6F9E23A82} = {D9EB5A4D-5F7E-4DE1-A2B8-B2B6F9E23A82}
	EndProjectSection
EndProject
Project("{2150E333-8FDC-42A3-9474-1A3956D46DE8}") = "Library", "Library", "{EA51D3A1-1384-4DB3-A0CF-10EC9175B4A4}"
EndProject
Project("{8BC9CEB8-8B4A-11D0-8D11-00A0C91BC942}") = "WIE_CRT", "Wintexports\WIE_CRT\WIE_CRT.vcxproj", "{D9EB5A4D-5F7E-4DE1-A2B8-B2B6F9E23A82}"
	ProjectSection(ProjectDependencies) = postProject
		{85E8764B-3033-4F76-B3F9-1048062AB428} = {85E8764B-3033-4F76-B3F9-1048062AB428}
		{D81D0FA8-63A5-446D-A7B8-D540F11F60D9} = {D81D0FA8-63A5-446D-A7B8-D540F11F60D9}
	EndProjectSection
EndProject
Project("{8BC9CEB8-8B4A-11D0-8D11-00A0C91BC942}") = "WIE_CRT_x86", "Wintexports\WIE_CRT_x86\WIE_CRT_x86.vcxproj", "{D81D0FA8-63A5-446D-A7B8-D540F11F60D9}"
EndProject
Project("{8BC9CEB8-8B4A-11D0-8D11-00A0C91BC942}") = "NTAssassin", "Library\NTAssassin.vcxproj", "{3535751F-B443-49D3-A144-17B6A76DA0C7}"
	ProjectSection(ProjectDependencies) = postProject
		{85E8764B-3033-4F76-B3F9-1048062AB428} = {85E8764B-3033-4F76-B3F9-1048062AB428}
		{D9EB5A4D-5F7E-4DE1-A2B8-B2B6F9E23A82} = {D9EB5A4D-5F7E-4DE1-A2B8-B2B6F9E23A82}
	EndProjectSection
EndProject
Global
	GlobalSection(SolutionConfigurationPlatforms) = preSolution
		Debug|Any CPU = Debug|Any CPU
		Debug|x64 = Debug|x64
		Debug|x86 = Debug|x86
		Release|Any CPU = Release|Any CPU
		Release|x64 = Release|x64
		Release|x86 = Release|x86
	EndGlobalSection
	GlobalSection(ProjectConfigurationPlatforms) = postSolution
		{85E8764B-3033-4F76-B3F9-1048062AB428}.Debug|Any CPU.ActiveCfg = Release|x64
		{85E8764B-3033-4F76-B3F9-1048062AB428}.Debug|Any CPU.Build.0 = Release|x64
		{85E8764B-3033-4F76-B3F9-1048062AB428}.Debug|x64.ActiveCfg = Release|x64
		{85E8764B-3033-4F76-B3F9-1048062AB428}.Debug|x64.Build.0 = Release|x64
		{85E8764B-3033-4F76-B3F9-1048062AB428}.Debug|x86.ActiveCfg = Release|Win32
		{85E8764B-3033-4F76-B3F9-1048062AB428}.Debug|x86.Build.0 = Release|Win32
		{85E8764B-3033-4F76-B3F9-1048062AB428}.Release|Any CPU.ActiveCfg = Release|x64
		{85E8764B-3033-4F76-B3F9-1048062AB428}.Release|Any CPU.Build.0 = Release|x64
		{85E8764B-3033-4F76-B3F9-1048062AB428}.Release|x64.ActiveCfg = Release|x64
		{85E8764B-3033-4F76-B3F9-1048062AB428}.Release|x64.Build.0 = Release|x64
		{85E8764B-3033-4F76-B3F9-1048062AB428}.Release|x86.ActiveCfg = Release|Win32
		{85E8764B-3033-4F76-B3F9-1048062AB428}.Release|x86.Build.0 = Release|Win32
		{C092B657-E8E9-40BF-8B87-D574959994EE}.Debug|Any CPU.ActiveCfg = Debug|x64
		{C092B657-E8E9-40BF-8B87-D574959994EE}.Debug|Any CPU.Build.0 = Debug|x64
		{C092B657-E8E9-40BF-8B87-D574959994EE}.Debug|x64.ActiveCfg = Debug|x64
		{C092B657-E8E9-40BF-8B87-D574959994EE}.Debug|x64.Build.0 = Debug|x64
		{C092B657-E8E9-40BF-8B87-D574959994EE}.Debug|x86.ActiveCfg = Debug|Win32
		{C092B657-E8E9-40BF-8B87-D574959994EE}.Debug|x86.Build.0 = Debug|Win32
		{C092B657-E8E9-40BF-8B87-D574959994EE}.Release|Any CPU.ActiveCfg = Release|x64
		{C092B657-E8E9-40BF-8B87-D574959994EE}.Release|Any CPU.Build.0 = Release|x64
		{C092B657-E8E9-40BF-8B87-D574959994EE}.Release|x64.ActiveCfg = Release|x64
		{C092B657-E8E9-40BF-8B87-D574959994EE}.Release|x64.Build.0 = Release|x64
		{C092B657-E8E9-40BF-8B87-D574959994EE}.Release|x86.ActiveCfg = Release|Win32
		{C092B657-E8E9-40BF-8B87-D574959994EE}.Release|x86.Build.0 = Release|Win32
		{D9EB5A4D-5F7E-4DE1-A2B8-B2B6F9E23A82}.Debug|Any CPU.ActiveCfg = Debug|x64
		{D9EB5A4D-5F7E-4DE1-A2B8-B2B6F9E23A82}.Debug|Any CPU.Build.0 = Debug|x64
		{D9EB5A4D-5F7E-4DE1-A2B8-B2B6F9E23A82}.Debug|x64.ActiveCfg = Debug|x64
		{D9EB5A4D-5F7E-4DE1-A2B8-B2B6F9E23A82}.Debug|x64.Build.0 = Debug|x64
		{D9EB5A4D-5F7E-4DE1-A2B8-B2B6F9E23A82}.Debug|x86.ActiveCfg = Debug|Win32
		{D9EB5A4D-5F7E-4DE1-A2B8-B2B6F9E23A82}.Debug|x86.Build.0 = Debug|Win32
		{D9EB5A4D-5F7E-4DE1-A2B8-B2B6F9E23A82}.Release|Any CPU.ActiveCfg = Release|x64
		{D9EB5A4D-5F7E-4DE1-A2B8-B2B6F9E23A82}.Release|Any CPU.Build.0 = Release|x64
		{D9EB5A4D-5F7E-4DE1-A2B8-B2B6F9E23A82}.Release|x64.ActiveCfg = Release|x64
		{D9EB5A4D-5F7E-4DE1-A2B8-B2B6F9E23A82}.Release|x64.Build.0 = Release|x64
		{D9EB5A4D-5F7E-4DE1-A2B8-B2B6F9E23A82}.Release|x86.ActiveCfg = Release|Win32
		{D9EB5A4D-5F7E-4DE1-A2B8-B2B6F9E23A82}.Release|x86.Build.0 = Release|Win32
		{D81D0FA8-63A5-446D-A7B8-D540F11F60D9}.Debug|Any CPU.ActiveCfg = Debug|Win32
		{D81D0FA8-63A5-446D-A7B8-D540F11F60D9}.Debug|Any CPU.Build.0 = Debug|Win32
		{D81D0FA8-63A5-446D-A7B8-D540F11F60D9}.Debug|x64.ActiveCfg = Debug|Win32
		{D81D0FA8-63A5-446D-A7B8-D540F11F60D9}.Debug|x86.ActiveCfg = Debug|Win32
		{D81D0FA8-63A5-446D-A7B8-D540F11F60D9}.Debug|x86.Build.0 = Debug|Win32
		{D81D0FA8-63A5-446D-A7B8-D540F11F60D9}.Release|Any CPU.ActiveCfg = Release|Win32
		{D81D0FA8-63A5-446D-A7B8-D540F11F60D9}.Release|Any CPU.Build.0 = Release|Win32
		{D81D0FA8-63A5-446D-A7B8-D540F11F60D9}.Release|x64.ActiveCfg = Release|Win32
		{D81D0FA8-63A5-446D-A7B8-D540F11F60D9}.Release|x86.ActiveCfg = Release|Win32
		{D81D0FA8-63A5-446D-A7B8-D540F11F60D9}.Release|x86.Build.0 = Release|Win32
		{3535751F-B443-49D3-A144-17B6A76DA0C7}.Debug|Any CPU.ActiveCfg = Debug|x64
		{3535751F-B443-49D3-A144-17B6A76DA0C7}.Debug|Any CPU.Build.0 = Debug|x64
		{3535751F-B443-49D3-A144-17B6A76DA0C7}.Debug|x64.ActiveCfg = Debug|x64
		{3535751F-B443-49D3-A144-17B6A76DA0C7}.Debug|x64.Build.0 = Debug|x64
		{3535751F-B443-49D3-A144-17B6A76DA0C7}.Debug|x86.ActiveCfg = Debug|Win32
		{3535751F-B443-49D3-A144-17B6A76DA0C7}.Debug|x86.Build.0 = Debug|Win32
		{3535751F-B443-49D3-A144-17B6A76DA0C7}.Release|Any CPU.ActiveCfg = Release|x64
		{3535751F-B443-49D3-A144-17B6A76DA0C7}.Release|Any CPU.Build.0 = Release|x64
		{3535751F-B443-49D3-A144-17B6A76DA0C7}.Release|x64.ActiveCfg = Release|x64
		{3535751F-B443-49D3-A144-17B6A76DA0C7}.Release|x64.Build.0 = Release|x64
		{3535751F-B443-49D3-A144-17B6A76DA0C7}.Release|x86.ActiveCfg = Release|Win32
		{3535751F-B443-49D3-A144-17B6A76DA0C7}.Release|x86.Build.0 = Release|Win32
	EndGlobalSection
	GlobalSection(SolutionProperties) = preSolution
		HideSolutionNode = FALSE
	EndGlobalSection
	GlobalSection(NestedProjects) = preSolution
		{85E8764B-3033-4F76-B3F9-1048062AB428} = {773E59A5-549E-45CD-9DA9-F4C4F66DA592}
		{C092B657-E8E9-40BF-8B87-D574959994EE} = {773E59A5-549E-45CD-9DA9-F4C4F66DA592}
		{D9EB5A4D-5F7E-4DE1-A2B8-B2B6F9E23A82} = {773E59A5-549E-45CD-9DA9-F4C4F66DA592}
		{D81D0FA8-63A5-446D-A7B8-D540F11F60D9} = {773E59A5-549E-45CD-9DA9-F4C4F66DA592}
		{3535751F-B443-49D3-A144-17B6A76DA0C7} = {EA51D3A1-1384-4DB3-A0CF-10EC9175B4A4}
	EndGlobalSection
	GlobalSection(ExtensibilityGlobals) = postSolution
		SolutionGuid = {4B3A355F-4E74-4E75-A24E-98ACEFA44AAA}
	EndGlobalSection
EndGlobal
